dependencies:
- name: minio
  repository: https://charts.bitnami.com/bitnami
  version: 12.1.8
- name: postgresql
  repository: https://charts.bitnami.com/bitnami
  version: 12.2.1
- name: dex
  repository: https://charts.dexidp.io
  version: 0.16.0
- name: redis
  repository: https://charts.bitnami.com/bitnami
  version: 17.10.1
digest: sha256:c162d1108dcb874659cf0eabb02ecd016d4ee9157f140a44fb9f99200c1ea9fa
generated: "2024-02-08T17:41:25.9940401Z"
