dependencies:
- name: minio
  repository: https://charts.bitnami.com/bitnami
  version: 12.1.8
- name: postgresql
  repository: https://charts.bitnami.com/bitnami
  version: 12.2.1
- name: dex
  repository: https://charts.dexidp.io
  version: 0.13.0
- name: redis
  repository: https://charts.bitnami.com/bitnami
  version: 17.10.1
digest: sha256:50c63019748e06c4958dda505fcb47e56ce1434f70602a478e92d6792fae5745
generated: "2023-05-17T12:01:40.237461825-06:00"
